// !$*UTF8*$!
{
	archiveVersion = 1;
	classes = {
	};
	objectVersion = 50;
	objects = {

/* Begin PBXBuildFile section */
		168B96A92114A4CD00999B68 /* EventMonitor.swift in Sources */ = {isa = PBXBuildFile; fileRef = 168B96A82114A4CD00999B68 /* EventMonitor.swift */; };
		16AB39F8211245E90021778A /* AppDelegate.swift in Sources */ = {isa = PBXBuildFile; fileRef = 16AB39F7211245E90021778A /* AppDelegate.swift */; };
		16AB39FA211245E90021778A /* ViewController.swift in Sources */ = {isa = PBXBuildFile; fileRef = 16AB39F9211245E90021778A /* ViewController.swift */; };
		16AB39FC211245EB0021778A /* Assets.xcassets in Resources */ = {isa = PBXBuildFile; fileRef = 16AB39FB211245EB0021778A /* Assets.xcassets */; };
		16AB39FF211245EB0021778A /* Main.storyboard in Resources */ = {isa = PBXBuildFile; fileRef = 16AB39FD211245EB0021778A /* Main.storyboard */; };
		16C51E6921133D0A005866DA /* MathParser.framework in Frameworks */ = {isa = PBXBuildFile; fileRef = 16C51E6721133CFA005866DA /* MathParser.framework */; };
		16C51E6A21133D0A005866DA /* MathParser.framework in Embed Frameworks */ = {isa = PBXBuildFile; fileRef = 16C51E6721133CFA005866DA /* MathParser.framework */; settings = {ATTRIBUTES = (CodeSignOnCopy, RemoveHeadersOnCopy, ); }; };
		16C761342114F0D20088EFEA /* SYFlatButton.m in Sources */ = {isa = PBXBuildFile; fileRef = 16C761332114F0D20088EFEA /* SYFlatButton.m */; };
		16DA831A211886E7002BFDC9 /* NotificationCenter.framework in Frameworks */ = {isa = PBXBuildFile; fileRef = 16DA8301211884E9002BFDC9 /* NotificationCenter.framework */; };
		16DA831D211886E7002BFDC9 /* TodayViewController.swift in Sources */ = {isa = PBXBuildFile; fileRef = 16DA831C211886E7002BFDC9 /* TodayViewController.swift */; };
		16DA8320211886E7002BFDC9 /* TodayViewController.xib in Resources */ = {isa = PBXBuildFile; fileRef = 16DA831E211886E7002BFDC9 /* TodayViewController.xib */; };
		16DA8324211886E7002BFDC9 /* InfoPlist.strings in Resources */ = {isa = PBXBuildFile; fileRef = 16DA8322211886E7002BFDC9 /* InfoPlist.strings */; };
		16DA8328211886E7002BFDC9 /* Calx Widget.appex in Embed App Extensions */ = {isa = PBXBuildFile; fileRef = 16DA8319211886E6002BFDC9 /* Calx Widget.appex */; settings = {ATTRIBUTES = (RemoveHeadersOnCopy, ); }; };
		16DA832D211888E3002BFDC9 /* MathParser.framework in Frameworks */ = {isa = PBXBuildFile; fileRef = 16DA832C211888E3002BFDC9 /* MathParser.framework */; };
		16DA833421188AB4002BFDC9 /* SYFlatButton.m in Sources */ = {isa = PBXBuildFile; fileRef = 16DA833321188AB4002BFDC9 /* SYFlatButton.m */; };
/* End PBXBuildFile section */

/* Begin PBXContainerItemProxy section */
		16DA8326211886E7002BFDC9 /* PBXContainerItemProxy */ = {
			isa = PBXContainerItemProxy;
			containerPortal = 16AB39EC211245E80021778A /* Project object */;
			proxyType = 1;
			remoteGlobalIDString = 16DA8318211886E6002BFDC9;
			remoteInfo = "Calx Widget";
		};
/* End PBXContainerItemProxy section */

/* Begin PBXCopyFilesBuildPhase section */
		16C51E6B21133D0A005866DA /* Embed Frameworks */ = {
			isa = PBXCopyFilesBuildPhase;
			buildActionMask = 2147483647;
			dstPath = "";
			dstSubfolderSpec = 10;
			files = (
				16C51E6A21133D0A005866DA /* MathParser.framework in Embed Frameworks */,
			);
			name = "Embed Frameworks";
			runOnlyForDeploymentPostprocessing = 0;
		};
		16DA8314211884E9002BFDC9 /* Embed App Extensions */ = {
			isa = PBXCopyFilesBuildPhase;
			buildActionMask = 2147483647;
			dstPath = "";
			dstSubfolderSpec = 13;
			files = (
				16DA8328211886E7002BFDC9 /* Calx Widget.appex in Embed App Extensions */,
			);
			name = "Embed App Extensions";
			runOnlyForDeploymentPostprocessing = 0;
		};
/* End PBXCopyFilesBuildPhase section */

/* Begin PBXFileReference section */
		168B96A82114A4CD00999B68 /* EventMonitor.swift */ = {isa = PBXFileReference; lastKnownFileType = sourcecode.swift; path = EventMonitor.swift; sourceTree = "<group>"; };
		16AB39F4211245E90021778A /* Calx.app */ = {isa = PBXFileReference; explicitFileType = wrapper.application; includeInIndex = 0; path = Calx.app; sourceTree = BUILT_PRODUCTS_DIR; };
		16AB39F7211245E90021778A /* AppDelegate.swift */ = {isa = PBXFileReference; lastKnownFileType = sourcecode.swift; path = AppDelegate.swift; sourceTree = "<group>"; };
		16AB39F9211245E90021778A /* ViewController.swift */ = {isa = PBXFileReference; lastKnownFileType = sourcecode.swift; path = ViewController.swift; sourceTree = "<group>"; };
		16AB39FB211245EB0021778A /* Assets.xcassets */ = {isa = PBXFileReference; lastKnownFileType = folder.assetcatalog; path = Assets.xcassets; sourceTree = "<group>"; };
		16AB39FE211245EB0021778A /* Base */ = {isa = PBXFileReference; lastKnownFileType = file.storyboard; name = Base; path = Base.lproj/Main.storyboard; sourceTree = "<group>"; };
		16AB3A00211245EB0021778A /* Info.plist */ = {isa = PBXFileReference; lastKnownFileType = text.plist.xml; path = Info.plist; sourceTree = "<group>"; };
		16AB3A01211245EB0021778A /* Calx.entitlements */ = {isa = PBXFileReference; lastKnownFileType = text.plist.entitlements; path = Calx.entitlements; sourceTree = "<group>"; };
		16C51E6721133CFA005866DA /* MathParser.framework */ = {isa = PBXFileReference; lastKnownFileType = wrapper.framework; path = MathParser.framework; sourceTree = SOURCE_ROOT; };
		16C761312114F0D20088EFEA /* Calx-Bridging-Header.h */ = {isa = PBXFileReference; lastKnownFileType = sourcecode.c.h; path = "Calx-Bridging-Header.h"; sourceTree = "<group>"; };
		16C761322114F0D20088EFEA /* SYFlatButton.h */ = {isa = PBXFileReference; fileEncoding = 4; lastKnownFileType = sourcecode.c.h; path = SYFlatButton.h; sourceTree = "<group>"; };
		16C761332114F0D20088EFEA /* SYFlatButton.m */ = {isa = PBXFileReference; fileEncoding = 4; lastKnownFileType = sourcecode.c.objc; path = SYFlatButton.m; sourceTree = "<group>"; };
		16C761352114F3C30088EFEA /* README.md */ = {isa = PBXFileReference; lastKnownFileType = net.daringfireball.markdown; path = README.md; sourceTree = "<group>"; };
		16DA8301211884E9002BFDC9 /* NotificationCenter.framework */ = {isa = PBXFileReference; lastKnownFileType = wrapper.framework; name = NotificationCenter.framework; path = System/Library/Frameworks/NotificationCenter.framework; sourceTree = SDKROOT; };
		16DA8319211886E6002BFDC9 /* Calx Widget.appex */ = {isa = PBXFileReference; explicitFileType = "wrapper.app-extension"; includeInIndex = 0; path = "Calx Widget.appex"; sourceTree = BUILT_PRODUCTS_DIR; };
		16DA831C211886E7002BFDC9 /* TodayViewController.swift */ = {isa = PBXFileReference; lastKnownFileType = sourcecode.swift; path = TodayViewController.swift; sourceTree = "<group>"; };
		16DA831F211886E7002BFDC9 /* Base */ = {isa = PBXFileReference; lastKnownFileType = file.xib; name = Base; path = Base.lproj/TodayViewController.xib; sourceTree = "<group>"; };
		16DA8321211886E7002BFDC9 /* Info.plist */ = {isa = PBXFileReference; lastKnownFileType = text.plist.xml; path = Info.plist; sourceTree = "<group>"; };
		16DA8323211886E7002BFDC9 /* en */ = {isa = PBXFileReference; lastKnownFileType = text.plist.strings; name = en; path = en.lproj/InfoPlist.strings; sourceTree = "<group>"; };
		16DA8325211886E7002BFDC9 /* Calx_Widget.entitlements */ = {isa = PBXFileReference; lastKnownFileType = text.plist.entitlements; path = Calx_Widget.entitlements; sourceTree = "<group>"; };
		16DA832C211888E3002BFDC9 /* MathParser.framework */ = {isa = PBXFileReference; lastKnownFileType = wrapper.framework; path = MathParser.framework; sourceTree = SOURCE_ROOT; };
		16DA832E21188902002BFDC9 /* Calx Widget-Bridging-Header.h */ = {isa = PBXFileReference; lastKnownFileType = sourcecode.c.h; path = "Calx Widget-Bridging-Header.h"; sourceTree = "<group>"; };
		16DA833221188AAB002BFDC9 /* SYFlatButton.h */ = {isa = PBXFileReference; fileEncoding = 4; lastKnownFileType = sourcecode.c.h; name = SYFlatButton.h; path = Calx/SYFlatButton.h; sourceTree = SOURCE_ROOT; };
		16DA833321188AB4002BFDC9 /* SYFlatButton.m */ = {isa = PBXFileReference; fileEncoding = 4; lastKnownFileType = sourcecode.c.objc; name = SYFlatButton.m; path = Calx/SYFlatButton.m; sourceTree = SOURCE_ROOT; };
/* End PBXFileReference section */

/* Begin PBXFrameworksBuildPhase section */
		16AB39F1211245E90021778A /* Frameworks */ = {
			isa = PBXFrameworksBuildPhase;
			buildActionMask = 2147483647;
			files = (
				16C51E6921133D0A005866DA /* MathParser.framework in Frameworks */,
			);
			runOnlyForDeploymentPostprocessing = 0;
		};
		16DA8316211886E6002BFDC9 /* Frameworks */ = {
			isa = PBXFrameworksBuildPhase;
			buildActionMask = 2147483647;
			files = (
				16DA831A211886E7002BFDC9 /* NotificationCenter.framework in Frameworks */,
				16DA832D211888E3002BFDC9 /* MathParser.framework in Frameworks */,
			);
			runOnlyForDeploymentPostprocessing = 0;
		};
/* End PBXFrameworksBuildPhase section */

/* Begin PBXGroup section */
		16AB39EB211245E80021778A = {
			isa = PBXGroup;
			children = (
				16C761352114F3C30088EFEA /* README.md */,
				16AB39F6211245E90021778A /* Calx */,
				16DA831B211886E7002BFDC9 /* Calx Widget */,
				16DA8300211884E9002BFDC9 /* Frameworks */,
				16AB39F5211245E90021778A /* Products */,
			);
			sourceTree = "<group>";
		};
		16AB39F5211245E90021778A /* Products */ = {
			isa = PBXGroup;
			children = (
				16AB39F4211245E90021778A /* Calx.app */,
				16DA8319211886E6002BFDC9 /* Calx Widget.appex */,
			);
			name = Products;
			sourceTree = "<group>";
		};
		16AB39F6211245E90021778A /* Calx */ = {
			isa = PBXGroup;
			children = (
				16AB39F7211245E90021778A /* AppDelegate.swift */,
				16AB39F9211245E90021778A /* ViewController.swift */,
				168B96A82114A4CD00999B68 /* EventMonitor.swift */,
				16AB39FB211245EB0021778A /* Assets.xcassets */,
				16AB39FD211245EB0021778A /* Main.storyboard */,
				16AB3A00211245EB0021778A /* Info.plist */,
				16AB3A01211245EB0021778A /* Calx.entitlements */,
				16C761312114F0D20088EFEA /* Calx-Bridging-Header.h */,
				16C761322114F0D20088EFEA /* SYFlatButton.h */,
				16C761332114F0D20088EFEA /* SYFlatButton.m */,
				16C51E6721133CFA005866DA /* MathParser.framework */,
			);
			path = Calx;
			sourceTree = "<group>";
		};
		16DA8300211884E9002BFDC9 /* Frameworks */ = {
			isa = PBXGroup;
			children = (
				16DA8301211884E9002BFDC9 /* NotificationCenter.framework */,
			);
			name = Frameworks;
			sourceTree = "<group>";
		};
		16DA831B211886E7002BFDC9 /* Calx Widget */ = {
			isa = PBXGroup;
			children = (
				16DA831C211886E7002BFDC9 /* TodayViewController.swift */,
				16DA832E21188902002BFDC9 /* Calx Widget-Bridging-Header.h */,
				16DA833321188AB4002BFDC9 /* SYFlatButton.m */,
				16DA833221188AAB002BFDC9 /* SYFlatButton.h */,
				16DA832C211888E3002BFDC9 /* MathParser.framework */,
				16DA831E211886E7002BFDC9 /* TodayViewController.xib */,
				16DA8321211886E7002BFDC9 /* Info.plist */,
				16DA8322211886E7002BFDC9 /* InfoPlist.strings */,
				16DA8325211886E7002BFDC9 /* Calx_Widget.entitlements */,
			);
			path = "Calx Widget";
			sourceTree = "<group>";
		};
/* End PBXGroup section */

/* Begin PBXNativeTarget section */
		16AB39F3211245E90021778A /* Calx */ = {
			isa = PBXNativeTarget;
			buildConfigurationList = 16AB3A04211245EB0021778A /* Build configuration list for PBXNativeTarget "Calx" */;
			buildPhases = (
				16AB39F0211245E90021778A /* Sources */,
				16AB39F1211245E90021778A /* Frameworks */,
				16AB39F2211245E90021778A /* Resources */,
				16C51E6B21133D0A005866DA /* Embed Frameworks */,
				16DA8314211884E9002BFDC9 /* Embed App Extensions */,
			);
			buildRules = (
			);
			dependencies = (
				16DA8327211886E7002BFDC9 /* PBXTargetDependency */,
			);
			name = Calx;
			productName = Calx;
			productReference = 16AB39F4211245E90021778A /* Calx.app */;
			productType = "com.apple.product-type.application";
		};
		16DA8318211886E6002BFDC9 /* Calx Widget */ = {
			isa = PBXNativeTarget;
			buildConfigurationList = 16DA8329211886E7002BFDC9 /* Build configuration list for PBXNativeTarget "Calx Widget" */;
			buildPhases = (
				16DA8315211886E6002BFDC9 /* Sources */,
				16DA8316211886E6002BFDC9 /* Frameworks */,
				16DA8317211886E6002BFDC9 /* Resources */,
			);
			buildRules = (
			);
			dependencies = (
			);
			name = "Calx Widget";
			productName = "Calx Widget";
			productReference = 16DA8319211886E6002BFDC9 /* Calx Widget.appex */;
			productType = "com.apple.product-type.app-extension";
		};
/* End PBXNativeTarget section */

/* Begin PBXProject section */
		16AB39EC211245E80021778A /* Project object */ = {
			isa = PBXProject;
			attributes = {
				LastSwiftUpdateCheck = 0940;
				LastUpgradeCheck = 0940;
				ORGANIZATIONNAME = "Evan David";
				TargetAttributes = {
					16AB39F3211245E90021778A = {
						CreatedOnToolsVersion = 9.4.1;
						LastSwiftMigration = 0940;
					};
					16DA8318211886E6002BFDC9 = {
						CreatedOnToolsVersion = 9.4.1;
						LastSwiftMigration = 0940;
					};
				};
			};
			buildConfigurationList = 16AB39EF211245E80021778A /* Build configuration list for PBXProject "Calx" */;
			compatibilityVersion = "Xcode 9.3";
			developmentRegion = en;
			hasScannedForEncodings = 0;
			knownRegions = (
				en,
				Base,
			);
			mainGroup = 16AB39EB211245E80021778A;
			productRefGroup = 16AB39F5211245E90021778A /* Products */;
			projectDirPath = "";
			projectRoot = "";
			targets = (
				16AB39F3211245E90021778A /* Calx */,
				16DA8318211886E6002BFDC9 /* Calx Widget */,
			);
		};
/* End PBXProject section */

/* Begin PBXResourcesBuildPhase section */
		16AB39F2211245E90021778A /* Resources */ = {
			isa = PBXResourcesBuildPhase;
			buildActionMask = 2147483647;
			files = (
				16AB39FC211245EB0021778A /* Assets.xcassets in Resources */,
				16AB39FF211245EB0021778A /* Main.storyboard in Resources */,
			);
			runOnlyForDeploymentPostprocessing = 0;
		};
		16DA8317211886E6002BFDC9 /* Resources */ = {
			isa = PBXResourcesBuildPhase;
			buildActionMask = 2147483647;
			files = (
				16DA8320211886E7002BFDC9 /* TodayViewController.xib in Resources */,
				16DA8324211886E7002BFDC9 /* InfoPlist.strings in Resources */,
			);
			runOnlyForDeploymentPostprocessing = 0;
		};
/* End PBXResourcesBuildPhase section */

/* Begin PBXSourcesBuildPhase section */
		16AB39F0211245E90021778A /* Sources */ = {
			isa = PBXSourcesBuildPhase;
			buildActionMask = 2147483647;
			files = (
				16C761342114F0D20088EFEA /* SYFlatButton.m in Sources */,
				168B96A92114A4CD00999B68 /* EventMonitor.swift in Sources */,
				16AB39FA211245E90021778A /* ViewController.swift in Sources */,
				16AB39F8211245E90021778A /* AppDelegate.swift in Sources */,
			);
			runOnlyForDeploymentPostprocessing = 0;
		};
		16DA8315211886E6002BFDC9 /* Sources */ = {
			isa = PBXSourcesBuildPhase;
			buildActionMask = 2147483647;
			files = (
				16DA833421188AB4002BFDC9 /* SYFlatButton.m in Sources */,
				16DA831D211886E7002BFDC9 /* TodayViewController.swift in Sources */,
			);
			runOnlyForDeploymentPostprocessing = 0;
		};
/* End PBXSourcesBuildPhase section */

/* Begin PBXTargetDependency section */
		16DA8327211886E7002BFDC9 /* PBXTargetDependency */ = {
			isa = PBXTargetDependency;
			target = 16DA8318211886E6002BFDC9 /* Calx Widget */;
			targetProxy = 16DA8326211886E7002BFDC9 /* PBXContainerItemProxy */;
		};
/* End PBXTargetDependency section */

/* Begin PBXVariantGroup section */
		16AB39FD211245EB0021778A /* Main.storyboard */ = {
			isa = PBXVariantGroup;
			children = (
				16AB39FE211245EB0021778A /* Base */,
			);
			name = Main.storyboard;
			sourceTree = "<group>";
		};
		16DA831E211886E7002BFDC9 /* TodayViewController.xib */ = {
			isa = PBXVariantGroup;
			children = (
				16DA831F211886E7002BFDC9 /* Base */,
			);
			name = TodayViewController.xib;
			sourceTree = "<group>";
		};
		16DA8322211886E7002BFDC9 /* InfoPlist.strings */ = {
			isa = PBXVariantGroup;
			children = (
				16DA8323211886E7002BFDC9 /* en */,
			);
			name = InfoPlist.strings;
			sourceTree = "<group>";
		};
/* End PBXVariantGroup section */

/* Begin XCBuildConfiguration section */
		16AB3A02211245EB0021778A /* Debug */ = {
			isa = XCBuildConfiguration;
			buildSettings = {
				ALWAYS_SEARCH_USER_PATHS = NO;
				CLANG_ANALYZER_NONNULL = YES;
				CLANG_ANALYZER_NUMBER_OBJECT_CONVERSION = YES_AGGRESSIVE;
				CLANG_CXX_LANGUAGE_STANDARD = "gnu++14";
				CLANG_CXX_LIBRARY = "libc++";
				CLANG_ENABLE_MODULES = YES;
				CLANG_ENABLE_OBJC_ARC = YES;
				CLANG_ENABLE_OBJC_WEAK = YES;
				CLANG_WARN_BLOCK_CAPTURE_AUTORELEASING = YES;
				CLANG_WARN_BOOL_CONVERSION = YES;
				CLANG_WARN_COMMA = YES;
				CLANG_WARN_CONSTANT_CONVERSION = YES;
				CLANG_WARN_DEPRECATED_OBJC_IMPLEMENTATIONS = YES;
				CLANG_WARN_DIRECT_OBJC_ISA_USAGE = YES_ERROR;
				CLANG_WARN_DOCUMENTATION_COMMENTS = YES;
				CLANG_WARN_EMPTY_BODY = YES;
				CLANG_WARN_ENUM_CONVERSION = YES;
				CLANG_WARN_INFINITE_RECURSION = YES;
				CLANG_WARN_INT_CONVERSION = YES;
				CLANG_WARN_NON_LITERAL_NULL_CONVERSION = YES;
				CLANG_WARN_OBJC_IMPLICIT_RETAIN_SELF = YES;
				CLANG_WARN_OBJC_LITERAL_CONVERSION = YES;
				CLANG_WARN_OBJC_ROOT_CLASS = YES_ERROR;
				CLANG_WARN_RANGE_LOOP_ANALYSIS = YES;
				CLANG_WARN_STRICT_PROTOTYPES = YES;
				CLANG_WARN_SUSPICIOUS_MOVE = YES;
				CLANG_WARN_UNGUARDED_AVAILABILITY = YES_AGGRESSIVE;
				CLANG_WARN_UNREACHABLE_CODE = YES;
				CLANG_WARN__DUPLICATE_METHOD_MATCH = YES;
				CODE_SIGN_IDENTITY = "-";
				COPY_PHASE_STRIP = NO;
				DEBUG_INFORMATION_FORMAT = dwarf;
				ENABLE_STRICT_OBJC_MSGSEND = YES;
				ENABLE_TESTABILITY = YES;
				GCC_C_LANGUAGE_STANDARD = gnu11;
				GCC_DYNAMIC_NO_PIC = NO;
				GCC_NO_COMMON_BLOCKS = YES;
				GCC_OPTIMIZATION_LEVEL = 0;
				GCC_PREPROCESSOR_DEFINITIONS = (
					"DEBUG=1",
					"$(inherited)",
				);
				GCC_WARN_64_TO_32_BIT_CONVERSION = YES;
				GCC_WARN_ABOUT_RETURN_TYPE = YES_ERROR;
				GCC_WARN_UNDECLARED_SELECTOR = YES;
				GCC_WARN_UNINITIALIZED_AUTOS = YES_AGGRESSIVE;
				GCC_WARN_UNUSED_FUNCTION = YES;
				GCC_WARN_UNUSED_VARIABLE = YES;
				MACOSX_DEPLOYMENT_TARGET = 10.13;
				MTL_ENABLE_DEBUG_INFO = YES;
				ONLY_ACTIVE_ARCH = YES;
				SDKROOT = macosx;
				SWIFT_ACTIVE_COMPILATION_CONDITIONS = DEBUG;
				SWIFT_OPTIMIZATION_LEVEL = "-Onone";
			};
			name = Debug;
		};
		16AB3A03211245EB0021778A /* Release */ = {
			isa = XCBuildConfiguration;
			buildSettings = {
				ALWAYS_SEARCH_USER_PATHS = NO;
				CLANG_ANALYZER_NONNULL = YES;
				CLANG_ANALYZER_NUMBER_OBJECT_CONVERSION = YES_AGGRESSIVE;
				CLANG_CXX_LANGUAGE_STANDARD = "gnu++14";
				CLANG_CXX_LIBRARY = "libc++";
				CLANG_ENABLE_MODULES = YES;
				CLANG_ENABLE_OBJC_ARC = YES;
				CLANG_ENABLE_OBJC_WEAK = YES;
				CLANG_WARN_BLOCK_CAPTURE_AUTORELEASING = YES;
				CLANG_WARN_BOOL_CONVERSION = YES;
				CLANG_WARN_COMMA = YES;
				CLANG_WARN_CONSTANT_CONVERSION = YES;
				CLANG_WARN_DEPRECATED_OBJC_IMPLEMENTATIONS = YES;
				CLANG_WARN_DIRECT_OBJC_ISA_USAGE = YES_ERROR;
				CLANG_WARN_DOCUMENTATION_COMMENTS = YES;
				CLANG_WARN_EMPTY_BODY = YES;
				CLANG_WARN_ENUM_CONVERSION = YES;
				CLANG_WARN_INFINITE_RECURSION = YES;
				CLANG_WARN_INT_CONVERSION = YES;
				CLANG_WARN_NON_LITERAL_NULL_CONVERSION = YES;
				CLANG_WARN_OBJC_IMPLICIT_RETAIN_SELF = YES;
				CLANG_WARN_OBJC_LITERAL_CONVERSION = YES;
				CLANG_WARN_OBJC_ROOT_CLASS = YES_ERROR;
				CLANG_WARN_RANGE_LOOP_ANALYSIS = YES;
				CLANG_WARN_STRICT_PROTOTYPES = YES;
				CLANG_WARN_SUSPICIOUS_MOVE = YES;
				CLANG_WARN_UNGUARDED_AVAILABILITY = YES_AGGRESSIVE;
				CLANG_WARN_UNREACHABLE_CODE = YES;
				CLANG_WARN__DUPLICATE_METHOD_MATCH = YES;
				CODE_SIGN_IDENTITY = "-";
				COPY_PHASE_STRIP = NO;
				DEBUG_INFORMATION_FORMAT = "dwarf-with-dsym";
				ENABLE_NS_ASSERTIONS = NO;
				ENABLE_STRICT_OBJC_MSGSEND = YES;
				GCC_C_LANGUAGE_STANDARD = gnu11;
				GCC_NO_COMMON_BLOCKS = YES;
				GCC_WARN_64_TO_32_BIT_CONVERSION = YES;
				GCC_WARN_ABOUT_RETURN_TYPE = YES_ERROR;
				GCC_WARN_UNDECLARED_SELECTOR = YES;
				GCC_WARN_UNINITIALIZED_AUTOS = YES_AGGRESSIVE;
				GCC_WARN_UNUSED_FUNCTION = YES;
				GCC_WARN_UNUSED_VARIABLE = YES;
				MACOSX_DEPLOYMENT_TARGET = 10.13;
				MTL_ENABLE_DEBUG_INFO = NO;
				SDKROOT = macosx;
				SWIFT_COMPILATION_MODE = wholemodule;
				SWIFT_OPTIMIZATION_LEVEL = "-O";
			};
			name = Release;
		};
		16AB3A05211245EB0021778A /* Debug */ = {
			isa = XCBuildConfiguration;
			buildSettings = {
				ALWAYS_EMBED_SWIFT_STANDARD_LIBRARIES = YES;
				ASSETCATALOG_COMPILER_APPICON_NAME = AppIcon;
				CLANG_ENABLE_MODULES = YES;
				CODE_SIGN_ENTITLEMENTS = Calx/Calx.entitlements;
				CODE_SIGN_STYLE = Automatic;
				COMBINE_HIDPI_IMAGES = YES;
				FRAMEWORK_SEARCH_PATHS = (
					"$(inherited)",
					"$(PROJECT_DIR)",
				);
				INFOPLIST_FILE = Calx/Info.plist;
				LD_RUNPATH_SEARCH_PATHS = (
					"$(inherited)",
					"@executable_path/../Frameworks",
				);
				MACOSX_DEPLOYMENT_TARGET = 10.12;
				PRODUCT_BUNDLE_IDENTIFIER = com.evandavid.Calx;
				PRODUCT_NAME = "$(TARGET_NAME)";
				SWIFT_OBJC_BRIDGING_HEADER = "Calx/Calx-Bridging-Header.h";
				SWIFT_OPTIMIZATION_LEVEL = "-Onone";
				SWIFT_VERSION = 4.0;
			};
			name = Debug;
		};
		16AB3A06211245EB0021778A /* Release */ = {
			isa = XCBuildConfiguration;
			buildSettings = {
				ALWAYS_EMBED_SWIFT_STANDARD_LIBRARIES = YES;
				ASSETCATALOG_COMPILER_APPICON_NAME = AppIcon;
				CLANG_ENABLE_MODULES = YES;
				CODE_SIGN_ENTITLEMENTS = Calx/Calx.entitlements;
				CODE_SIGN_STYLE = Automatic;
				COMBINE_HIDPI_IMAGES = YES;
				FRAMEWORK_SEARCH_PATHS = (
					"$(inherited)",
					"$(PROJECT_DIR)",
				);
				INFOPLIST_FILE = Calx/Info.plist;
				LD_RUNPATH_SEARCH_PATHS = (
					"$(inherited)",
					"@executable_path/../Frameworks",
				);
				MACOSX_DEPLOYMENT_TARGET = 10.12;
				PRODUCT_BUNDLE_IDENTIFIER = com.evandavid.Calx;
				PRODUCT_NAME = "$(TARGET_NAME)";
				SWIFT_OBJC_BRIDGING_HEADER = "Calx/Calx-Bridging-Header.h";
				SWIFT_VERSION = 4.0;
			};
			name = Release;
		};
		16DA832A211886E7002BFDC9 /* Debug */ = {
			isa = XCBuildConfiguration;
			buildSettings = {
				CLANG_ENABLE_MODULES = YES;
				CODE_SIGN_ENTITLEMENTS = "Calx Widget/Calx_Widget.entitlements";
				CODE_SIGN_STYLE = Automatic;
				COMBINE_HIDPI_IMAGES = YES;
				FRAMEWORK_SEARCH_PATHS = (
					"$(inherited)",
					"$(PROJECT_DIR)",
				);
				INFOPLIST_FILE = "Calx Widget/Info.plist";
				LD_RUNPATH_SEARCH_PATHS = (
					"$(inherited)",
					"@executable_path/../Frameworks",
					"@executable_path/../../../../Frameworks",
				);
				PRODUCT_BUNDLE_IDENTIFIER = "com.evandavid.Calx.Calx-Widget";
				PRODUCT_NAME = "$(TARGET_NAME)";
				SKIP_INSTALL = YES;
				SWIFT_OBJC_BRIDGING_HEADER = "Calx Widget/Calx Widget-Bridging-Header.h";
				SWIFT_OPTIMIZATION_LEVEL = "-Onone";
				SWIFT_VERSION = 4.0;
			};
			name = Debug;
		};
		16DA832B211886E7002BFDC9 /* Release */ = {
			isa = XCBuildConfiguration;
			buildSettings = {
				CLANG_ENABLE_MODULES = YES;
				CODE_SIGN_ENTITLEMENTS = "Calx Widget/Calx_Widget.entitlements";
				CODE_SIGN_STYLE = Automatic;
				COMBINE_HIDPI_IMAGES = YES;
				FRAMEWORK_SEARCH_PATHS = (
					"$(inherited)",
					"$(PROJECT_DIR)",
				);
				INFOPLIST_FILE = "Calx Widget/Info.plist";
				LD_RUNPATH_SEARCH_PATHS = (
					"$(inherited)",
					"@executable_path/../Frameworks",
					"@executable_path/../../../../Frameworks",
				);
				PRODUCT_BUNDLE_IDENTIFIER = "com.evandavid.Calx.Calx-Widget";
				PRODUCT_NAME = "$(TARGET_NAME)";
				SKIP_INSTALL = YES;
				SWIFT_OBJC_BRIDGING_HEADER = "Calx Widget/Calx Widget-Bridging-Header.h";
				SWIFT_VERSION = 4.0;
			};
			name = Release;
		};
/* End XCBuildConfiguration section */

/* Begin XCConfigurationList section */
		16AB39EF211245E80021778A /* Build configuration list for PBXProject "Calx" */ = {
			isa = XCConfigurationList;
			buildConfigurations = (
				16AB3A02211245EB0021778A /* Debug */,
				16AB3A03211245EB0021778A /* Release */,
			);
			defaultConfigurationIsVisible = 0;
			defaultConfigurationName = Release;
		};
		16AB3A04211245EB0021778A /* Build configuration list for PBXNativeTarget "Calx" */ = {
			isa = XCConfigurationList;
			buildConfigurations = (
				16AB3A05211245EB0021778A /* Debug */,
				16AB3A06211245EB0021778A /* Release */,
			);
			defaultConfigurationIsVisible = 0;
			defaultConfigurationName = Release;
		};
		16DA8329211886E7002BFDC9 /* Build configuration list for PBXNativeTarget "Calx Widget" */ = {
			isa = XCConfigurationList;
			buildConfigurations = (
				16DA832A211886E7002BFDC9 /* Debug */,
				16DA832B211886E7002BFDC9 /* Release */,
			);
			defaultConfigurationIsVisible = 0;
			defaultConfigurationName = Release;
		};
/* End XCConfigurationList section */
	};
	rootObject = 16AB39EC211245E80021778A /* Project object */;
}
